
Microsoft Visual Studio Solution File, Format Version 12.00
# Visual Studio Version 17
VisualStudioVersion = 17.7.34031.279
MinimumVisualStudioVersion = 10.0.40219.1
Project("{FAE04EC0-301F-11D3-BF4B-00C04F79EFBC}") = "28.10.2023", "28.10.2023.csproj", "{E5D0F844-68A7-4540-9CFD-F84D1E7C4917}"
EndProject
Global
	GlobalSection(SolutionConfigurationPlatforms) = preSolution
		Debug|Any CPU = Debug|Any CPU
		Release|Any CPU = Release|Any CPU
	EndGlobalSection
	GlobalSection(ProjectConfigurationPlatforms) = postSolution
		{E5D0F844-68A7-4540-9CFD-F84D1E7C4917}.Debug|Any CPU.ActiveCfg = Debug|Any CPU
		{E5D0F844-68A7-4540-9CFD-F84D1E7C4917}.Debug|Any CPU.Build.0 = Debug|Any CPU
		{E5D0F844-68A7-4540-9CFD-F84D1E7C4917}.Release|Any CPU.ActiveCfg = Release|Any CPU
		{E5D0F844-68A7-4540-9CFD-F84D1E7C4917}.Release|Any CPU.Build.0 = Release|Any CPU
	EndGlobalSection
	GlobalSection(SolutionProperties) = preSolution
		HideSolutionNode = FALSE
	EndGlobalSection
	GlobalSection(ExtensibilityGlobals) = postSolution
		SolutionGuid = {39B49219-5A38-4190-BA20-44B5C0449BCB}
	EndGlobalSection
EndGlobal
